{
    "_meta": {
        "hash": {
            "sha256": "ac34f549aa65f26eeb60f7a6fd95cb45e6c59fe4acd45e1a05e681d2a8e75985"
        },
        "pipfile-spec": 6,
        "requires": {
            "python_version": "3.10"
        },
        "sources": [
            {
                "name": "pypi",
                "url": "https://pypi.org/simple",
                "verify_ssl": true
            }
        ]
    },
    "default": {
        "pycryptodome": {
            "hashes": [
                "sha256:045d75527241d17e6ef13636d845a12e54660aa82e823b3b3341bcf5af03fa79",
                "sha256:0926f7cc3735033061ef3cf27ed16faad6544b14666410727b31fea85a5b16eb",
                "sha256:092a26e78b73f2530b8bd6b3898e7453ab2f36e42fd85097d705d6aba2ec3e5e",
                "sha256:1b22bcd9ec55e9c74927f6b1f69843cb256fb5a465088ce62837f793d9ffea88",
                "sha256:2aa55aae81f935a08d5a3c2042eb81741a43e044bd8a81ea7239448ad751f763",
                "sha256:2ae53125de5b0d2c95194d957db9bb2681da8c24d0fb0fe3b056de2bcaf5d837",
                "sha256:2ea63d46157386c5053cfebcdd9bd8e0c8b7b0ac4a0507a027f5174929403884",
                "sha256:2ec709b0a58b539a4f9d33fb8508264c3678d7edb33a68b8906ba914f71e8c13",
                "sha256:2ffd8b31561455453ca9f62cb4c24e6b8d119d6d531087af5f14b64bee2c23e6",
                "sha256:4b52cb18b0ad46087caeb37a15e08040f3b4c2d444d58371b6f5d786d95534c2",
                "sha256:4c3ccad74eeb7b001f3538643c4225eac398c77d617ebb3e57571a897943c667",
                "sha256:5099c9ca345b2f252f0c28e96904643153bae9258647585e5e6f649bb7a1844a",
                "sha256:50ca7e587b8e541eb6c192acf92449d95377d1f88908c0a32ac5ac2703ebe28b",
                "sha256:57f565acd2f0cf6fb3e1ba553d0cb1f33405ec1f9c5ded9b9a0a5320f2c0bd3d",
                "sha256:60b4faae330c3624cc5a546ba9cfd7b8273995a15de94ee4538130d74953ec2e",
                "sha256:7c9ed8aa31c146bef65d89a1b655f5f4eab5e1120f55fc297713c89c9e56ff0b",
                "sha256:7e3a8f6ee405b3bd1c4da371b93c31f7027944b2bcce0697022801db93120d83",
                "sha256:9135dddad504592bcc18b0d2d95ce86c3a5ea87ec6447ef25cfedea12d6018b8",
                "sha256:9c772c485b27967514d0df1458b56875f4b6d025566bf27399d0c239ff1b369f",
                "sha256:9eaadc058106344a566dc51d3d3a758ab07f8edde013712bc8d22032a86b264f",
                "sha256:9ee40e2168f1348ae476676a2e938ca80a2f57b14a249d8fe0d3cdf803e5a676",
                "sha256:a8f06611e691c2ce45ca09bbf983e2ff2f8f4f87313609d80c125aff9fad6e7f",
                "sha256:b9c5b1a1977491533dfd31e01550ee36ae0249d78aae7f632590db833a5012b8",
                "sha256:b9cc96e274b253e47ad33ae1fccc36ea386f5251a823ccb50593a935db47fdd2",
                "sha256:c3640deff4197fa064295aaac10ab49a0d55ef3d6a54ae1499c40d646655c89f",
                "sha256:c77126899c4b9c9827ddf50565e93955cb3996813c18900c16b2ea0474e130e9",
                "sha256:d2a39a66057ab191e5c27211a7daf8f0737f23acbf6b3562b25a62df65ffcb7b",
                "sha256:e244ab85c422260de91cda6379e8e986405b4f13dc97d2876497178707f87fc1",
                "sha256:eb6fce570869e70cc8ebe68eaa1c26bed56d40ad0f93431ee61d400525433c54",
                "sha256:ecaaef2d21b365d9c5ca8427ffc10cebed9d9102749fd502218c23cb9a05feb5",
                "sha256:fd2184aae6ee2a944aaa49113e6f5787cdc5e4db1eb8edb1aea914bd75f33a0c",
                "sha256:ff287bcba9fbeb4f1cccc1f2e90a08d691480735a611ee83c80a7d74ad72b9d9",
                "sha256:ff7ae90e36c1715a54446e7872b76102baa5c63aa980917f4aa45e8c78d1a3ec"
            ],
            "index": "pypi",
            "version": "==3.15.0"
        }
    },
    "develop": {
        "attrs": {
            "hashes": [
                "sha256:29adc2665447e5191d0e7c568fde78b21f9672d344281d0c6e1ab085429b22b6",
                "sha256:86efa402f67bf2df34f51a335487cf46b1ec130d02b8d39fd248abfd30da551c"
            ],
            "markers": "python_version >= '3.5'",
            "version": "==22.1.0"
        },
        "black": {
            "hashes": [
                "sha256:14ff67aec0a47c424bc99b71005202045dc09270da44a27848d534600ac64fc7",
                "sha256:197df8509263b0b8614e1df1756b1dd41be6738eed2ba9e9769f3880c2b9d7b6",
                "sha256:1e464456d24e23d11fced2bc8c47ef66d471f845c7b7a42f3bd77bf3d1789650",
                "sha256:2039230db3c6c639bd84efe3292ec7b06e9214a2992cd9beb293d639c6402edb",
                "sha256:21199526696b8f09c3997e2b4db8d0b108d801a348414264d2eb8eb2532e540d",
                "sha256:2644b5d63633702bc2c5f3754b1b475378fbbfb481f62319388235d0cd104c2d",
                "sha256:432247333090c8c5366e69627ccb363bc58514ae3e63f7fc75c54b1ea80fa7de",
                "sha256:444ebfb4e441254e87bad00c661fe32df9969b2bf224373a448d8aca2132b395",
                "sha256:5b9b29da4f564ba8787c119f37d174f2b69cdfdf9015b7d8c5c16121ddc054ae",
                "sha256:5cc42ca67989e9c3cf859e84c2bf014f6633db63d1cbdf8fdb666dcd9e77e3fa",
                "sha256:5d8f74030e67087b219b032aa33a919fae8806d49c867846bfacde57f43972ef",
                "sha256:72ef3925f30e12a184889aac03d77d031056860ccae8a1e519f6cbb742736383",
                "sha256:819dc789f4498ecc91438a7de64427c73b45035e2e3680c92e18795a839ebb66",
                "sha256:915ace4ff03fdfff953962fa672d44be269deb2eaf88499a0f8805221bc68c87",
                "sha256:9311e99228ae10023300ecac05be5a296f60d2fd10fff31cf5c1fa4ca4b1988d",
                "sha256:974308c58d057a651d182208a484ce80a26dac0caef2895836a92dd6ebd725e0",
                "sha256:b8b49776299fece66bffaafe357d929ca9451450f5466e997a7285ab0fe28e3b",
                "sha256:c957b2b4ea88587b46cf49d1dc17681c1e672864fd7af32fc1e9664d572b3458",
                "sha256:e41a86c6c650bcecc6633ee3180d80a025db041a8e2398dcc059b3afa8382cd4",
                "sha256:f513588da599943e0cde4e32cc9879e825d58720d6557062d1098c5ad80080e1",
                "sha256:fba8a281e570adafb79f7755ac8721b6cf1bbf691186a287e990c7929c7692ff"
            ],
            "index": "pypi",
            "version": "==22.10.0"
        },
        "bleach": {
            "hashes": [
                "sha256:085f7f33c15bd408dd9b17a4ad77c577db66d76203e5984b1bd59baeee948b2a",
                "sha256:0d03255c47eb9bd2f26aa9bb7f2107732e7e8fe195ca2f64709fcf3b0a4a085c"
            ],
            "markers": "python_version >= '3.7'",
            "version": "==5.0.1"
        },
        "certifi": {
            "hashes": [
                "sha256:0d9c601124e5a6ba9712dbc60d9c53c21e34f5f641fe83002317394311bdce14",
                "sha256:90c1a32f1d68f940488354e36370f6cca89f0f106db09518524c88d6ed83f382"
            ],
            "markers": "python_version >= '3.6'",
            "version": "==2022.9.24"
        },
        "charset-normalizer": {
            "hashes": [
                "sha256:5a3d016c7c547f69d6f81fb0db9449ce888b418b5b9952cc5e6e66843e9dd845",
                "sha256:83e9a75d1911279afd89352c68b45348559d1fc0506b054b346651b5e7fee29f"
            ],
            "markers": "python_full_version >= '3.6.0'",
            "version": "==2.1.1"
        },
        "click": {
            "hashes": [
                "sha256:7682dc8afb30297001674575ea00d1814d808d6a36af415a82bd481d37ba7b8e",
                "sha256:bb4d8133cb15a609f44e8213d9b391b0809795062913b383c62be0ee95b1db48"
            ],
            "markers": "python_version >= '3.7'",
            "version": "==8.1.3"
        },
        "commonmark": {
            "hashes": [
                "sha256:452f9dc859be7f06631ddcb328b6919c67984aca654e5fefb3914d54691aed60",
                "sha256:da2f38c92590f83de410ba1a3cbceafbc74fee9def35f9251ba9a971d6d66fd9"
            ],
            "version": "==0.9.1"
        },
        "docutils": {
            "hashes": [
                "sha256:33995a6753c30b7f577febfc2c50411fec6aac7f7ffeb7c4cfe5991072dcf9e6",
                "sha256:5e1de4d849fee02c63b040a4a3fd567f4ab104defd8a5511fbbc24a8a017efbc"
            ],
            "markers": "python_version >= '3.7'",
            "version": "==0.19"
        },
        "exceptiongroup": {
            "hashes": [
                "sha256:542adf9dea4055530d6e1279602fa5cb11dab2395fa650b8674eaec35fc4a828",
                "sha256:bd14967b79cd9bdb54d97323216f8fdf533e278df937aa2a90089e7d6e06e5ec"
            ],
            "markers": "python_version < '3.11'",
            "version": "==1.0.4"
        },
        "flake8": {
            "hashes": [
                "sha256:3833794e27ff64ea4e9cf5d410082a8b97ff1a06c16aa3d2027339cd0f1195c7",
                "sha256:c61007e76655af75e6785a931f452915b371dc48f56efd765247c8fe68f2b181"
            ],
            "index": "pypi",
            "version": "==6.0.0"
        },
        "idna": {
            "hashes": [
                "sha256:814f528e8dead7d329833b91c5faa87d60bf71824cd12a7530b5526063d02cb4",
                "sha256:90b77e79eaa3eba6de819a0c442c0b4ceefc341a7a2ab77d7562bf49f425c5c2"
            ],
            "markers": "python_version >= '3.5'",
            "version": "==3.4"
        },
        "importlib-metadata": {
            "hashes": [
                "sha256:d5059f9f1e8e41f80e9c56c2ee58811450c31984dfa625329ffd7c0dad88a73b",
                "sha256:d84d17e21670ec07990e1044a99efe8d615d860fd176fc29ef5c306068fda313"
            ],
            "markers": "python_version >= '3.7'",
            "version": "==5.1.0"
        },
        "iniconfig": {
            "hashes": [
                "sha256:011e24c64b7f47f6ebd835bb12a743f2fbe9a26d4cecaa7f53bc4f35ee9da8b3",
                "sha256:bc3af051d7d14b2ee5ef9969666def0cd1a000e121eaea580d4a313df4b37f32"
            ],
            "version": "==1.1.1"
        },
        "isort": {
            "hashes": [
                "sha256:6f62d78e2f89b4500b080fe3a81690850cd254227f27f75c3a0c491a1f351ba7",
                "sha256:e8443a5e7a020e9d7f97f1d7d9cd17c88bcb3bc7e218bf9cf5095fe550be2951"
            ],
            "index": "pypi",
            "version": "==5.10.1"
        },
        "jaraco.classes": {
            "hashes": [
                "sha256:2353de3288bc6b82120752201c6b1c1a14b058267fa424ed5ce5984e3b922158",
                "sha256:89559fa5c1d3c34eff6f631ad80bb21f378dbcbb35dd161fd2c6b93f5be2f98a"
            ],
            "markers": "python_version >= '3.7'",
            "version": "==3.2.3"
        },
        "keyring": {
            "hashes": [
                "sha256:3dd30011d555f1345dec2c262f0153f2f0ca6bca041fb1dc4588349bb4c0ac1e",
                "sha256:ad192263e2cdd5f12875dedc2da13534359a7e760e77f8d04b50968a821c2361"
            ],
            "markers": "python_version >= '3.7'",
            "version": "==23.11.0"
        },
        "mccabe": {
            "hashes": [
                "sha256:348e0240c33b60bbdf4e523192ef919f28cb2c3d7d5c7794f74009290f236325",
                "sha256:6c2d30ab6be0e4a46919781807b4f0d834ebdd6c6e3dca0bda5a15f863427b6e"
            ],
            "markers": "python_version >= '3.6'",
            "version": "==0.7.0"
        },
        "more-itertools": {
            "hashes": [
                "sha256:250e83d7e81d0c87ca6bd942e6aeab8cc9daa6096d12c5308f3f92fa5e5c1f41",
                "sha256:5a6257e40878ef0520b1803990e3e22303a41b5714006c32a3fd8304b26ea1ab"
            ],
            "markers": "python_version >= '3.7'",
            "version": "==9.0.0"
        },
        "mypy-extensions": {
            "hashes": [
                "sha256:090fedd75945a69ae91ce1303b5824f428daf5a028d2f6ab8a299250a846f15d",
                "sha256:2d82818f5bb3e369420cb3c4060a7970edba416647068eb4c5343488a6c604a8"
            ],
            "version": "==0.4.3"
        },
        "packaging": {
            "hashes": [
                "sha256:dd47c42927d89ab911e606518907cc2d3a1f38bbd026385970643f9c5b8ecfeb",
                "sha256:ef103e05f519cdc783ae24ea4e2e0f508a9c99b2d4969652eed6a2e1ea5bd522"
            ],
            "markers": "python_version >= '3.6'",
            "version": "==21.3"
        },
        "pathspec": {
            "hashes": [
                "sha256:88c2606f2c1e818b978540f73ecc908e13999c6c3a383daf3705652ae79807a5",
                "sha256:8f6bf73e5758fd365ef5d58ce09ac7c27d2833a8d7da51712eac6e27e35141b0"
            ],
            "markers": "python_version >= '3.7'",
            "version": "==0.10.2"
        },
        "pkginfo": {
            "hashes": [
                "sha256:848865108ec99d4901b2f7e84058b6e7660aae8ae10164e015a6dcf5b242a594",
                "sha256:a84da4318dd86f870a9447a8c98340aa06216bfc6f2b7bdc4b8766984ae1867c"
            ],
            "markers": "python_version >= '2.7' and python_version not in '3.0, 3.1, 3.2, 3.3, 3.4, 3.5'",
            "version": "==1.8.3"
        },
        "platformdirs": {
            "hashes": [
                "sha256:1006647646d80f16130f052404c6b901e80ee4ed6bef6792e1f238a8969106f7",
                "sha256:af0276409f9a02373d540bf8480021a048711d572745aef4b7842dad245eba10"
            ],
            "markers": "python_version >= '3.7'",
            "version": "==2.5.4"
        },
        "pluggy": {
            "hashes": [
                "sha256:4224373bacce55f955a878bf9cfa763c1e360858e330072059e10bad68531159",
                "sha256:74134bbf457f031a36d68416e1509f34bd5ccc019f0bcc952c7b909d06b37bd3"
            ],
            "markers": "python_version >= '3.6'",
            "version": "==1.0.0"
        },
        "pycodestyle": {
            "hashes": [
                "sha256:347187bdb476329d98f695c213d7295a846d1152ff4fe9bacb8a9590b8ee7053",
                "sha256:8a4eaf0d0495c7395bdab3589ac2db602797d76207242c17d470186815706610"
            ],
            "markers": "python_version >= '3.6'",
            "version": "==2.10.0"
        },
        "pyflakes": {
            "hashes": [
                "sha256:ec55bf7fe21fff7f1ad2f7da62363d749e2a470500eab1b555334b67aa1ef8cf",
                "sha256:ec8b276a6b60bd80defed25add7e439881c19e64850afd9b346283d4165fd0fd"
            ],
            "markers": "python_version >= '3.6'",
            "version": "==3.0.1"
        },
        "pygments": {
            "hashes": [
                "sha256:56a8508ae95f98e2b9bdf93a6be5ae3f7d8af858b43e02c5a2ff083726be40c1",
                "sha256:f643f331ab57ba3c9d89212ee4a2dabc6e94f117cf4eefde99a0574720d14c42"
            ],
            "markers": "python_version >= '3.6'",
            "version": "==2.13.0"
        },
        "pyparsing": {
            "hashes": [
                "sha256:2b020ecf7d21b687f219b71ecad3631f644a47f01403fa1d1036b0c6416d70fb",
                "sha256:5026bae9a10eeaefb61dab2f09052b9f4307d44aee4eda64b309723d8d206bbc"
            ],
            "markers": "python_full_version >= '3.6.8'",
            "version": "==3.0.9"
        },
        "pytest": {
            "hashes": [
                "sha256:892f933d339f068883b6fd5a459f03d85bfcb355e4981e146d2c7616c21fef71",
                "sha256:c4014eb40e10f11f355ad4e3c2fb2c6c6d1919c73f3b5a433de4708202cade59"
            ],
            "index": "pypi",
            "version": "==7.2.0"
        },
        "readme-renderer": {
            "hashes": [
                "sha256:cd653186dfc73055656f090f227f5cb22a046d7f71a841dfa305f55c9a513273",
                "sha256:f67a16caedfa71eef48a31b39708637a6f4664c4394801a7b0d6432d13907343"
            ],
            "markers": "python_version >= '3.7'",
            "version": "==37.3"
        },
        "requests": {
            "hashes": [
                "sha256:7c5599b102feddaa661c826c56ab4fee28bfd17f5abca1ebbe3e7f19d7c97983",
                "sha256:8fefa2a1a1365bf5520aac41836fbee479da67864514bdb821f31ce07ce65349"
            ],
            "markers": "python_version >= '3.7' and python_version < '4'",
            "version": "==2.28.1"
        },
        "requests-toolbelt": {
            "hashes": [
                "sha256:18565aa58116d9951ac39baa288d3adb5b3ff975c4f25eee78555d89e8f247f7",
                "sha256:62e09f7ff5ccbda92772a29f394a49c3ad6cb181d568b1337626b2abb628a63d"
            ],
            "markers": "python_version >= '2.7' and python_version not in '3.0, 3.1, 3.2, 3.3'",
            "version": "==0.10.1"
        },
        "rfc3986": {
            "hashes": [
                "sha256:50b1502b60e289cb37883f3dfd34532b8873c7de9f49bb546641ce9cbd256ebd",
                "sha256:97aacf9dbd4bfd829baad6e6309fa6573aaf1be3f6fa735c8ab05e46cecb261c"
            ],
            "markers": "python_version >= '3.7'",
            "version": "==2.0.0"
        },
        "rich": {
            "hashes": [
                "sha256:a4eb26484f2c82589bd9a17c73d32a010b1e29d89f1604cd9bf3a2097b81bb5e",
                "sha256:ba3a3775974105c221d31141f2c116f4fd65c5ceb0698657a11e9f295ec93fd0"
            ],
            "markers": "python_full_version >= '3.6.3' and python_full_version < '4.0.0'",
            "version": "==12.6.0"
        },
        "six": {
            "hashes": [
                "sha256:1e61c37477a1626458e36f7b1d82aa5c9b094fa4802892072e49de9c60c4c926",
                "sha256:8abb2f1d86890a2dfb989f9a77cfcfd3e47c2a354b01111771326f8aa26e0254"
            ],
            "markers": "python_version >= '2.7' and python_version not in '3.0, 3.1, 3.2, 3.3'",
            "version": "==1.16.0"
        },
        "tomli": {
            "hashes": [
                "sha256:939de3e7a6161af0c887ef91b7d41a53e7c5a1ca976325f429cb46ea9bc30ecc",
                "sha256:de526c12914f0c550d15924c62d72abc48d6fe7364aa87328337a31007fe8a4f"
            ],
            "markers": "python_full_version < '3.11.0a7'",
            "version": "==2.0.1"
        },
        "tqdm": {
            "hashes": [
                "sha256:5f4f682a004951c1b450bc753c710e9280c5746ce6ffedee253ddbcbf54cf1e4",
                "sha256:6fee160d6ffcd1b1c68c65f14c829c22832bc401726335ce92c52d395944a6a1"
            ],
            "index": "pypi",
            "version": "==4.64.1"
        },
        "twine": {
            "hashes": [
                "sha256:42026c18e394eac3e06693ee52010baa5313e4811d5a11050e7d48436cf41b9e",
                "sha256:96b1cf12f7ae611a4a40b6ae8e9570215daff0611828f5fe1f37a16255ab24a0"
            ],
            "index": "pypi",
            "version": "==4.0.1"
        },
        "urllib3": {
            "hashes": [
                "sha256:47cc05d99aaa09c9e72ed5809b60e7ba354e64b59c9c173ac3018642d8bb41fc",
                "sha256:c083dd0dce68dbfbe1129d5271cb90f9447dea7d52097c6e0126120c521ddea8"
            ],
            "markers": "python_version >= '2.7' and python_version not in '3.0, 3.1, 3.2, 3.3, 3.4, 3.5'",
            "version": "==1.26.13"
        },
        "webencodings": {
            "hashes": [
                "sha256:a0af1213f3c2226497a97e2b3aa01a7e4bee4f403f95be16fc9acd2947514a78",
                "sha256:b36a1c245f2d304965eb4e0a82848379241dc04b865afcc4aab16748587e1923"
            ],
            "version": "==0.5.1"
        },
        "zipp": {
            "hashes": [
                "sha256:83a28fcb75844b5c0cdaf5aa4003c2d728c77e05f5aeabe8e95e56727005fbaa",
                "sha256:a7a22e05929290a67401440b39690ae6563279bced5f314609d9d03798f56766"
            ],
            "markers": "python_version >= '3.7'",
            "version": "==3.11.0"
        }
    }
}
